
Microsoft Visual Studio Solution File, Format Version 12.00
# Visual Studio Version 17
VisualStudioVersion = 17.5.33530.505
MinimumVisualStudioVersion = 10.0.40219.1
Project("{FAE04EC0-301F-11D3-BF4B-00C04F79EFBC}") = "C#_Aggregation", "C#_Aggregation\C#_Aggregation.csproj", "{92983C23-264D-4C4B-B2A1-7793E0FABDDF}"
EndProject
Global
	GlobalSection(SolutionConfigurationPlatforms) = preSolution
		Debug|Any CPU = Debug|Any CPU
		Release|Any CPU = Release|Any CPU
	EndGlobalSection
	GlobalSection(ProjectConfigurationPlatforms) = postSolution
		{92983C23-264D-4C4B-B2A1-7793E0FABDDF}.Debug|Any CPU.ActiveCfg = Debug|Any CPU
		{92983C23-264D-4C4B-B2A1-7793E0FABDDF}.Debug|Any CPU.Build.0 = Debug|Any CPU
		{92983C23-264D-4C4B-B2A1-7793E0FABDDF}.Release|Any CPU.ActiveCfg = Release|Any CPU
		{92983C23-264D-4C4B-B2A1-7793E0FABDDF}.Release|Any CPU.Build.0 = Release|Any CPU
	EndGlobalSection
	GlobalSection(SolutionProperties) = preSolution
		HideSolutionNode = FALSE
	EndGlobalSection
	GlobalSection(ExtensibilityGlobals) = postSolution
		SolutionGuid = {D3B170F7-AC65-4F3C-812B-B53339C7D9ED}
	EndGlobalSection
EndGlobal
