
Microsoft Visual Studio Solution File, Format Version 12.00
# Visual Studio Version 17
VisualStudioVersion = 17.5.33530.505
MinimumVisualStudioVersion = 10.0.40219.1
Project("{FAE04EC0-301F-11D3-BF4B-00C04F79EFBC}") = "C#_Inheritance", "C#_Inheritance\C#_Inheritance.csproj", "{DE70CFA4-D312-4424-8716-E848487CA1A3}"
EndProject
Global
	GlobalSection(SolutionConfigurationPlatforms) = preSolution
		Debug|Any CPU = Debug|Any CPU
		Release|Any CPU = Release|Any CPU
	EndGlobalSection
	GlobalSection(ProjectConfigurationPlatforms) = postSolution
		{DE70CFA4-D312-4424-8716-E848487CA1A3}.Debug|Any CPU.ActiveCfg = Debug|Any CPU
		{DE70CFA4-D312-4424-8716-E848487CA1A3}.Debug|Any CPU.Build.0 = Debug|Any CPU
		{DE70CFA4-D312-4424-8716-E848487CA1A3}.Release|Any CPU.ActiveCfg = Release|Any CPU
		{DE70CFA4-D312-4424-8716-E848487CA1A3}.Release|Any CPU.Build.0 = Release|Any CPU
	EndGlobalSection
	GlobalSection(SolutionProperties) = preSolution
		HideSolutionNode = FALSE
	EndGlobalSection
	GlobalSection(ExtensibilityGlobals) = postSolution
		SolutionGuid = {AEEFCF9B-334A-4B06-A5DD-A0783DCEFFEB}
	EndGlobalSection
EndGlobal
